
Microsoft Visual Studio Solution File, Format Version 12.00
# Visual Studio Version 17
VisualStudioVersion = 17.0.32014.148
MinimumVisualStudioVersion = 10.0.40219.1
Project("{9A19103F-16F7-4668-BE54-9A1E7A4F7556}") = "TemplateProject", "TemplateProject\TemplateProject.csproj", "{029F0096-BBEA-4C50-B4D1-4C68C3D16AA8}"
EndProject
Project("{9A19103F-16F7-4668-BE54-9A1E7A4F7556}") = "AoCUtilities", "AoCUtilities\AoCUtilities.csproj", "{A33E73EE-AD43-4AE7-8074-8F981ED807FD}"
EndProject
Project("{9A19103F-16F7-4668-BE54-9A1E7A4F7556}") = "Day_01_Trebuchet", "Day_01_Trebuchet\Day_01_Trebuchet.csproj", "{7C6A5994-53B1-43E7-944F-2D7150668C61}"
EndProject
Project("{9A19103F-16F7-4668-BE54-9A1E7A4F7556}") = "Day_02_Cube_Conundrum", "Day_02_Cube_Conundrum\Day_02_Cube_Conundrum.csproj", "{DE8C0461-10BB-4964-A565-F2E4E446417B}"
EndProject
Project("{9A19103F-16F7-4668-BE54-9A1E7A4F7556}") = "Day_03_Gear_Ratios", "Day_03_Gear_Ratios\Day_03_Gear_Ratios.csproj", "{BA965C4E-C690-490C-9E47-E89383BF15DB}"
EndProject
Project("{9A19103F-16F7-4668-BE54-9A1E7A4F7556}") = "Day_04_Scratchcards", "Day_04_Scratchcards\Day_04_Scratchcards.csproj", "{16882977-6D59-47FC-8096-3649E95DB288}"
EndProject
Project("{9A19103F-16F7-4668-BE54-9A1E7A4F7556}") = "Day_05_If_You_Give_A_Seed_A_Fertilizer", "Day_05_If_You_Give_A_Seed_A_Fertilizer\Day_05_If_You_Give_A_Seed_A_Fertilizer.csproj", "{EE3DEDCD-32DA-4D77-B735-111AAD2F43C3}"
EndProject
Project("{9A19103F-16F7-4668-BE54-9A1E7A4F7556}") = "Day_06_Wait_For_It", "Day_06_Wait_For_It\Day_06_Wait_For_It.csproj", "{F712F3D6-40C9-4210-99A6-9FA0C3BE1CEB}"
EndProject
Project("{9A19103F-16F7-4668-BE54-9A1E7A4F7556}") = "Day_07_Camel_Cards", "Day_07_Camel_Cards\Day_07_Camel_Cards.csproj", "{6E15A97F-E5C4-488D-BF73-6A3B157AC328}"
EndProject
Project("{9A19103F-16F7-4668-BE54-9A1E7A4F7556}") = "Day_08_Haunted_Wasteland", "Day_08_Haunted_Wasteland\Day_08_Haunted_Wasteland.csproj", "{A2853330-2174-4744-8BBD-445CE942BF07}"
EndProject
Project("{9A19103F-16F7-4668-BE54-9A1E7A4F7556}") = "Day_09_Mirage_Maintenance", "Day_09_Mirage_Maintenance\Day_09_Mirage_Maintenance.csproj", "{BFD7A345-74A9-4B07-A94A-99742FC5C5DC}"
EndProject
Project("{9A19103F-16F7-4668-BE54-9A1E7A4F7556}") = "Day_10_Pipe_Maze", "Day_10_Pipe_Maze\Day_10_Pipe_Maze.csproj", "{E7AD0B6D-7276-4E85-B2E8-510683F82CAC}"
EndProject
Project("{9A19103F-16F7-4668-BE54-9A1E7A4F7556}") = "Day_11_Cosmic_Expansion", "Day_11_Cosmic_Expansion\Day_11_Cosmic_Expansion.csproj", "{D0E5AC97-EC26-4616-806A-0C1E1B064709}"
EndProject
Project("{9A19103F-16F7-4668-BE54-9A1E7A4F7556}") = "Day_12_Hot_Springs", "Day_12_Hot_Springs\Day_12_Hot_Springs.csproj", "{6278D61B-95F6-4195-A800-D6FE2940FB99}"
EndProject
Project("{9A19103F-16F7-4668-BE54-9A1E7A4F7556}") = "Day_13_Point_of_Incidence", "Day_13_Point_of_Incidence\Day_13_Point_of_Incidence.csproj", "{002F265C-4CC1-4AF3-9E64-C3A082451D29}"
EndProject
Project("{9A19103F-16F7-4668-BE54-9A1E7A4F7556}") = "Day_14_Parabolic_Reflector_Dish", "Day_14_Parabolic_Reflector_Dish\Day_14_Parabolic_Reflector_Dish.csproj", "{7F9B4E96-57CD-4774-8211-E9FA892C4427}"
EndProject
Project("{9A19103F-16F7-4668-BE54-9A1E7A4F7556}") = "Day_15_Lens_Library", "Day_15_Lens_Library\Day_15_Lens_Library.csproj", "{0275C8A2-E2B5-4F34-BEFB-E797F10170D3}"
EndProject
Project("{9A19103F-16F7-4668-BE54-9A1E7A4F7556}") = "Day_16_The_Floor_Will_Be_Lava", "Day_16_The_Floor_Will_Be_Lava\Day_16_The_Floor_Will_Be_Lava.csproj", "{82255E0E-5995-42DE-9520-533FC838F120}"
EndProject
Project("{9A19103F-16F7-4668-BE54-9A1E7A4F7556}") = "Day_17_Clumsy_Crucible", "Day_17_Clumsy_Crucible\Day_17_Clumsy_Crucible.csproj", "{D9DCC5A8-A89D-4FBF-BA9F-683F313CC3D6}"
EndProject
Project("{9A19103F-16F7-4668-BE54-9A1E7A4F7556}") = "Day_19_Aplenty", "Day_19_Aplenty\Day_19_Aplenty.csproj", "{AE90B491-585E-4BFC-A749-FA6CE527FDC6}"
EndProject
Project("{9A19103F-16F7-4668-BE54-9A1E7A4F7556}") = "Day_18_Lavaduct_Lagoon", "Day_18_Lavaduct_Lagoon\Day_18_Lavaduct_Lagoon.csproj", "{639AD8F5-B802-4362-B9D5-1B2746BF8A22}"
EndProject
Project("{9A19103F-16F7-4668-BE54-9A1E7A4F7556}") = "Day_22_Sand_Slabs", "Day_22_Sand_Slabs\Day_22_Sand_Slabs.csproj", "{2E61504E-F2BB-430E-A5E6-60BDBFB937A8}"
EndProject
Project("{9A19103F-16F7-4668-BE54-9A1E7A4F7556}") = "Day_20_Pulse_Propagation", "Day_20_Pulse_Propagation\Day_20_Pulse_Propagation.csproj", "{D0C6B04C-DB7D-44FD-B164-E7BB5C022D77}"
EndProject
Project("{9A19103F-16F7-4668-BE54-9A1E7A4F7556}") = "Day_21_Step_Counter", "Day_21_Step_Counter\Day_21_Step_Counter.csproj", "{C46C3418-E872-4B6D-9E31-5684F9BD1812}"
EndProject
Project("{9A19103F-16F7-4668-BE54-9A1E7A4F7556}") = "Day_23_A_Long_Walk", "Day_23_A_Long_Walk\Day_23_A_Long_Walk.csproj", "{0B0D91F3-FB8E-4934-9959-8282DB8EA60F}"
EndProject
Project("{9A19103F-16F7-4668-BE54-9A1E7A4F7556}") = "Day_24_Never_Tell_Me_The_Odds", "Day_24_Never_Tell_Me_The_Odds\Day_24_Never_Tell_Me_The_Odds.csproj", "{43214D44-5DB7-4B43-B364-150270457B48}"
EndProject
Global
	GlobalSection(SolutionConfigurationPlatforms) = preSolution
		Debug|Any CPU = Debug|Any CPU
		Release|Any CPU = Release|Any CPU
	EndGlobalSection
	GlobalSection(ProjectConfigurationPlatforms) = postSolution
		{029F0096-BBEA-4C50-B4D1-4C68C3D16AA8}.Debug|Any CPU.ActiveCfg = Debug|Any CPU
		{029F0096-BBEA-4C50-B4D1-4C68C3D16AA8}.Debug|Any CPU.Build.0 = Debug|Any CPU
		{029F0096-BBEA-4C50-B4D1-4C68C3D16AA8}.Release|Any CPU.ActiveCfg = Release|Any CPU
		{029F0096-BBEA-4C50-B4D1-4C68C3D16AA8}.Release|Any CPU.Build.0 = Release|Any CPU
		{A33E73EE-AD43-4AE7-8074-8F981ED807FD}.Debug|Any CPU.ActiveCfg = Debug|Any CPU
		{A33E73EE-AD43-4AE7-8074-8F981ED807FD}.Debug|Any CPU.Build.0 = Debug|Any CPU
		{A33E73EE-AD43-4AE7-8074-8F981ED807FD}.Release|Any CPU.ActiveCfg = Release|Any CPU
		{A33E73EE-AD43-4AE7-8074-8F981ED807FD}.Release|Any CPU.Build.0 = Release|Any CPU
		{7C6A5994-53B1-43E7-944F-2D7150668C61}.Debug|Any CPU.ActiveCfg = Debug|Any CPU
		{7C6A5994-53B1-43E7-944F-2D7150668C61}.Debug|Any CPU.Build.0 = Debug|Any CPU
		{7C6A5994-53B1-43E7-944F-2D7150668C61}.Release|Any CPU.ActiveCfg = Release|Any CPU
		{7C6A5994-53B1-43E7-944F-2D7150668C61}.Release|Any CPU.Build.0 = Release|Any CPU
		{DE8C0461-10BB-4964-A565-F2E4E446417B}.Debug|Any CPU.ActiveCfg = Debug|Any CPU
		{DE8C0461-10BB-4964-A565-F2E4E446417B}.Debug|Any CPU.Build.0 = Debug|Any CPU
		{DE8C0461-10BB-4964-A565-F2E4E446417B}.Release|Any CPU.ActiveCfg = Release|Any CPU
		{DE8C0461-10BB-4964-A565-F2E4E446417B}.Release|Any CPU.Build.0 = Release|Any CPU
		{BA965C4E-C690-490C-9E47-E89383BF15DB}.Debug|Any CPU.ActiveCfg = Debug|Any CPU
		{BA965C4E-C690-490C-9E47-E89383BF15DB}.Debug|Any CPU.Build.0 = Debug|Any CPU
		{BA965C4E-C690-490C-9E47-E89383BF15DB}.Release|Any CPU.ActiveCfg = Release|Any CPU
		{BA965C4E-C690-490C-9E47-E89383BF15DB}.Release|Any CPU.Build.0 = Release|Any CPU
		{16882977-6D59-47FC-8096-3649E95DB288}.Debug|Any CPU.ActiveCfg = Debug|Any CPU
		{16882977-6D59-47FC-8096-3649E95DB288}.Debug|Any CPU.Build.0 = Debug|Any CPU
		{16882977-6D59-47FC-8096-3649E95DB288}.Release|Any CPU.ActiveCfg = Release|Any CPU
		{16882977-6D59-47FC-8096-3649E95DB288}.Release|Any CPU.Build.0 = Release|Any CPU
		{EE3DEDCD-32DA-4D77-B735-111AAD2F43C3}.Debug|Any CPU.ActiveCfg = Debug|Any CPU
		{EE3DEDCD-32DA-4D77-B735-111AAD2F43C3}.Debug|Any CPU.Build.0 = Debug|Any CPU
		{EE3DEDCD-32DA-4D77-B735-111AAD2F43C3}.Release|Any CPU.ActiveCfg = Release|Any CPU
		{EE3DEDCD-32DA-4D77-B735-111AAD2F43C3}.Release|Any CPU.Build.0 = Release|Any CPU
		{F712F3D6-40C9-4210-99A6-9FA0C3BE1CEB}.Debug|Any CPU.ActiveCfg = Debug|Any CPU
		{F712F3D6-40C9-4210-99A6-9FA0C3BE1CEB}.Debug|Any CPU.Build.0 = Debug|Any CPU
		{F712F3D6-40C9-4210-99A6-9FA0C3BE1CEB}.Release|Any CPU.ActiveCfg = Release|Any CPU
		{F712F3D6-40C9-4210-99A6-9FA0C3BE1CEB}.Release|Any CPU.Build.0 = Release|Any CPU
		{6E15A97F-E5C4-488D-BF73-6A3B157AC328}.Debug|Any CPU.ActiveCfg = Debug|Any CPU
		{6E15A97F-E5C4-488D-BF73-6A3B157AC328}.Debug|Any CPU.Build.0 = Debug|Any CPU
		{6E15A97F-E5C4-488D-BF73-6A3B157AC328}.Release|Any CPU.ActiveCfg = Release|Any CPU
		{6E15A97F-E5C4-488D-BF73-6A3B157AC328}.Release|Any CPU.Build.0 = Release|Any CPU
		{A2853330-2174-4744-8BBD-445CE942BF07}.Debug|Any CPU.ActiveCfg = Debug|Any CPU
		{A2853330-2174-4744-8BBD-445CE942BF07}.Debug|Any CPU.Build.0 = Debug|Any CPU
		{A2853330-2174-4744-8BBD-445CE942BF07}.Release|Any CPU.ActiveCfg = Release|Any CPU
		{A2853330-2174-4744-8BBD-445CE942BF07}.Release|Any CPU.Build.0 = Release|Any CPU
		{BFD7A345-74A9-4B07-A94A-99742FC5C5DC}.Debug|Any CPU.ActiveCfg = Debug|Any CPU
		{BFD7A345-74A9-4B07-A94A-99742FC5C5DC}.Debug|Any CPU.Build.0 = Debug|Any CPU
		{BFD7A345-74A9-4B07-A94A-99742FC5C5DC}.Release|Any CPU.ActiveCfg = Release|Any CPU
		{BFD7A345-74A9-4B07-A94A-99742FC5C5DC}.Release|Any CPU.Build.0 = Release|Any CPU
		{E7AD0B6D-7276-4E85-B2E8-510683F82CAC}.Debug|Any CPU.ActiveCfg = Debug|Any CPU
		{E7AD0B6D-7276-4E85-B2E8-510683F82CAC}.Debug|Any CPU.Build.0 = Debug|Any CPU
		{E7AD0B6D-7276-4E85-B2E8-510683F82CAC}.Release|Any CPU.ActiveCfg = Release|Any CPU
		{E7AD0B6D-7276-4E85-B2E8-510683F82CAC}.Release|Any CPU.Build.0 = Release|Any CPU
		{D0E5AC97-EC26-4616-806A-0C1E1B064709}.Debug|Any CPU.ActiveCfg = Debug|Any CPU
		{D0E5AC97-EC26-4616-806A-0C1E1B064709}.Debug|Any CPU.Build.0 = Debug|Any CPU
		{D0E5AC97-EC26-4616-806A-0C1E1B064709}.Release|Any CPU.ActiveCfg = Release|Any CPU
		{D0E5AC97-EC26-4616-806A-0C1E1B064709}.Release|Any CPU.Build.0 = Release|Any CPU
		{6278D61B-95F6-4195-A800-D6FE2940FB99}.Debug|Any CPU.ActiveCfg = Debug|Any CPU
		{6278D61B-95F6-4195-A800-D6FE2940FB99}.Debug|Any CPU.Build.0 = Debug|Any CPU
		{6278D61B-95F6-4195-A800-D6FE2940FB99}.Release|Any CPU.ActiveCfg = Release|Any CPU
		{6278D61B-95F6-4195-A800-D6FE2940FB99}.Release|Any CPU.Build.0 = Release|Any CPU
		{002F265C-4CC1-4AF3-9E64-C3A082451D29}.Debug|Any CPU.ActiveCfg = Debug|Any CPU
		{002F265C-4CC1-4AF3-9E64-C3A082451D29}.Debug|Any CPU.Build.0 = Debug|Any CPU
		{002F265C-4CC1-4AF3-9E64-C3A082451D29}.Release|Any CPU.ActiveCfg = Release|Any CPU
		{002F265C-4CC1-4AF3-9E64-C3A082451D29}.Release|Any CPU.Build.0 = Release|Any CPU
		{7F9B4E96-57CD-4774-8211-E9FA892C4427}.Debug|Any CPU.ActiveCfg = Debug|Any CPU
		{7F9B4E96-57CD-4774-8211-E9FA892C4427}.Debug|Any CPU.Build.0 = Debug|Any CPU
		{7F9B4E96-57CD-4774-8211-E9FA892C4427}.Release|Any CPU.ActiveCfg = Release|Any CPU
		{7F9B4E96-57CD-4774-8211-E9FA892C4427}.Release|Any CPU.Build.0 = Release|Any CPU
		{0275C8A2-E2B5-4F34-BEFB-E797F10170D3}.Debug|Any CPU.ActiveCfg = Debug|Any CPU
		{0275C8A2-E2B5-4F34-BEFB-E797F10170D3}.Debug|Any CPU.Build.0 = Debug|Any CPU
		{0275C8A2-E2B5-4F34-BEFB-E797F10170D3}.Release|Any CPU.ActiveCfg = Release|Any CPU
		{0275C8A2-E2B5-4F34-BEFB-E797F10170D3}.Release|Any CPU.Build.0 = Release|Any CPU
		{82255E0E-5995-42DE-9520-533FC838F120}.Debug|Any CPU.ActiveCfg = Debug|Any CPU
		{82255E0E-5995-42DE-9520-533FC838F120}.Debug|Any CPU.Build.0 = Debug|Any CPU
		{82255E0E-5995-42DE-9520-533FC838F120}.Release|Any CPU.ActiveCfg = Release|Any CPU
		{82255E0E-5995-42DE-9520-533FC838F120}.Release|Any CPU.Build.0 = Release|Any CPU
		{D9DCC5A8-A89D-4FBF-BA9F-683F313CC3D6}.Debug|Any CPU.ActiveCfg = Debug|Any CPU
		{D9DCC5A8-A89D-4FBF-BA9F-683F313CC3D6}.Debug|Any CPU.Build.0 = Debug|Any CPU
		{D9DCC5A8-A89D-4FBF-BA9F-683F313CC3D6}.Release|Any CPU.ActiveCfg = Release|Any CPU
		{D9DCC5A8-A89D-4FBF-BA9F-683F313CC3D6}.Release|Any CPU.Build.0 = Release|Any CPU
		{AE90B491-585E-4BFC-A749-FA6CE527FDC6}.Debug|Any CPU.ActiveCfg = Debug|Any CPU
		{AE90B491-585E-4BFC-A749-FA6CE527FDC6}.Debug|Any CPU.Build.0 = Debug|Any CPU
		{AE90B491-585E-4BFC-A749-FA6CE527FDC6}.Release|Any CPU.ActiveCfg = Release|Any CPU
		{AE90B491-585E-4BFC-A749-FA6CE527FDC6}.Release|Any CPU.Build.0 = Release|Any CPU
		{639AD8F5-B802-4362-B9D5-1B2746BF8A22}.Debug|Any CPU.ActiveCfg = Debug|Any CPU
		{639AD8F5-B802-4362-B9D5-1B2746BF8A22}.Debug|Any CPU.Build.0 = Debug|Any CPU
		{639AD8F5-B802-4362-B9D5-1B2746BF8A22}.Release|Any CPU.ActiveCfg = Release|Any CPU
		{639AD8F5-B802-4362-B9D5-1B2746BF8A22}.Release|Any CPU.Build.0 = Release|Any CPU
		{2E61504E-F2BB-430E-A5E6-60BDBFB937A8}.Debug|Any CPU.ActiveCfg = Debug|Any CPU
		{2E61504E-F2BB-430E-A5E6-60BDBFB937A8}.Debug|Any CPU.Build.0 = Debug|Any CPU
		{2E61504E-F2BB-430E-A5E6-60BDBFB937A8}.Release|Any CPU.ActiveCfg = Release|Any CPU
		{2E61504E-F2BB-430E-A5E6-60BDBFB937A8}.Release|Any CPU.Build.0 = Release|Any CPU
		{D0C6B04C-DB7D-44FD-B164-E7BB5C022D77}.Debug|Any CPU.ActiveCfg = Debug|Any CPU
		{D0C6B04C-DB7D-44FD-B164-E7BB5C022D77}.Debug|Any CPU.Build.0 = Debug|Any CPU
		{D0C6B04C-DB7D-44FD-B164-E7BB5C022D77}.Release|Any CPU.ActiveCfg = Release|Any CPU
		{D0C6B04C-DB7D-44FD-B164-E7BB5C022D77}.Release|Any CPU.Build.0 = Release|Any CPU
		{C46C3418-E872-4B6D-9E31-5684F9BD1812}.Debug|Any CPU.ActiveCfg = Debug|Any CPU
		{C46C3418-E872-4B6D-9E31-5684F9BD1812}.Debug|Any CPU.Build.0 = Debug|Any CPU
		{C46C3418-E872-4B6D-9E31-5684F9BD1812}.Release|Any CPU.ActiveCfg = Release|Any CPU
		{C46C3418-E872-4B6D-9E31-5684F9BD1812}.Release|Any CPU.Build.0 = Release|Any CPU
		{0B0D91F3-FB8E-4934-9959-8282DB8EA60F}.Debug|Any CPU.ActiveCfg = Debug|Any CPU
		{0B0D91F3-FB8E-4934-9959-8282DB8EA60F}.Debug|Any CPU.Build.0 = Debug|Any CPU
		{0B0D91F3-FB8E-4934-9959-8282DB8EA60F}.Release|Any CPU.ActiveCfg = Release|Any CPU
		{0B0D91F3-FB8E-4934-9959-8282DB8EA60F}.Release|Any CPU.Build.0 = Release|Any CPU
		{43214D44-5DB7-4B43-B364-150270457B48}.Debug|Any CPU.ActiveCfg = Debug|Any CPU
		{43214D44-5DB7-4B43-B364-150270457B48}.Debug|Any CPU.Build.0 = Debug|Any CPU
		{43214D44-5DB7-4B43-B364-150270457B48}.Release|Any CPU.ActiveCfg = Release|Any CPU
		{43214D44-5DB7-4B43-B364-150270457B48}.Release|Any CPU.Build.0 = Release|Any CPU
	EndGlobalSection
	GlobalSection(SolutionProperties) = preSolution
		HideSolutionNode = FALSE
	EndGlobalSection
	GlobalSection(ExtensibilityGlobals) = postSolution
		SolutionGuid = {408FEDB9-7740-4AAE-8F73-ADC851E30817}
	EndGlobalSection
EndGlobal
